// !$*UTF8*$!
{
	archiveVersion = 1;
	classes = {
	};
	objectVersion = 56;
	objects = {

/* Begin PBXBuildFile section */
		5238279B2AF9963800937238 /* TabBarView.swift in Sources */ = {isa = PBXBuildFile; fileRef = 5238279A2AF9963800937238 /* TabBarView.swift */; };
		52711E6A2AD4DE390049DEE1 /* UserInputValidator.swift in Sources */ = {isa = PBXBuildFile; fileRef = 52711E692AD4DE390049DEE1 /* UserInputValidator.swift */; };
		52711E6B2AD4DE390049DEE1 /* UserInputValidator.swift in Sources */ = {isa = PBXBuildFile; fileRef = 52711E692AD4DE390049DEE1 /* UserInputValidator.swift */; };
		52711E6D2AD4E0850049DEE1 /* UserInputValidatorTests.swift in Sources */ = {isa = PBXBuildFile; fileRef = 52711E6C2AD4E0850049DEE1 /* UserInputValidatorTests.swift */; };
		52C6F66B2AFD882300216E2B /* APIClient.swift in Sources */ = {isa = PBXBuildFile; fileRef = 52C6F66A2AFD882300216E2B /* APIClient.swift */; };
		52C6F66D2AFD885C00216E2B /* API.swift in Sources */ = {isa = PBXBuildFile; fileRef = 52C6F66C2AFD885C00216E2B /* API.swift */; };
		52CC1B982ACF461900AD0029 /* KeychainSwift in Frameworks */ = {isa = PBXBuildFile; productRef = 52CC1B972ACF461900AD0029 /* KeychainSwift */; };
		52CC1B9A2ACF47F300AD0029 /* TokenHelper.swift in Sources */ = {isa = PBXBuildFile; fileRef = 52CC1B992ACF47F300AD0029 /* TokenHelper.swift */; };
		52CC1B9D2ACF485E00AD0029 /* JWTDecode in Frameworks */ = {isa = PBXBuildFile; productRef = 52CC1B9C2ACF485E00AD0029 /* JWTDecode */; };
		52CC1BA02ACF4B3000AD0029 /* HomeView.swift in Sources */ = {isa = PBXBuildFile; fileRef = 52CC1B9F2ACF4B3000AD0029 /* HomeView.swift */; };
		52DB54172ACE9F670019B448 /* Alamofire in Frameworks */ = {isa = PBXBuildFile; productRef = 52DB54162ACE9F670019B448 /* Alamofire */; };
		52DB54192ACE9F860019B448 /* AuthService.swift in Sources */ = {isa = PBXBuildFile; fileRef = 52DB54182ACE9F860019B448 /* AuthService.swift */; };
		52DB5A782ACD236B004611A7 /* PhilApp.swift in Sources */ = {isa = PBXBuildFile; fileRef = 52DB5A772ACD236B004611A7 /* PhilApp.swift */; };
		52DB5A7A2ACD236B004611A7 /* MainView.swift in Sources */ = {isa = PBXBuildFile; fileRef = 52DB5A792ACD236B004611A7 /* MainView.swift */; };
		52DB5A7C2ACD2372004611A7 /* Assets.xcassets in Resources */ = {isa = PBXBuildFile; fileRef = 52DB5A7B2ACD2372004611A7 /* Assets.xcassets */; };
		52DB5A7F2ACD2372004611A7 /* Preview Assets.xcassets in Resources */ = {isa = PBXBuildFile; fileRef = 52DB5A7E2ACD2372004611A7 /* Preview Assets.xcassets */; };
		52DB5A892ACD2372004611A7 /* PhilTests.swift in Sources */ = {isa = PBXBuildFile; fileRef = 52DB5A882ACD2372004611A7 /* PhilTests.swift */; };
		52DB5A932ACD2372004611A7 /* PhilUITests.swift in Sources */ = {isa = PBXBuildFile; fileRef = 52DB5A922ACD2372004611A7 /* PhilUITests.swift */; };
		52DB5A952ACD2372004611A7 /* PhilUITestsLaunchTests.swift in Sources */ = {isa = PBXBuildFile; fileRef = 52DB5A942ACD2372004611A7 /* PhilUITestsLaunchTests.swift */; };
		52DB5AA82ACD36C7004611A7 /* Montserrat-ExtraBold.ttf in Resources */ = {isa = PBXBuildFile; fileRef = 52DB5AA42ACD3493004611A7 /* Montserrat-ExtraBold.ttf */; };
		52DB5AA92ACD36CC004611A7 /* Montserrat-Bold.ttf in Resources */ = {isa = PBXBuildFile; fileRef = 52DB5AA52ACD34F1004611A7 /* Montserrat-Bold.ttf */; };
		52DB5AAA2ACD36CE004611A7 /* Montserrat-Bold.ttf in Resources */ = {isa = PBXBuildFile; fileRef = 52DB5AA52ACD34F1004611A7 /* Montserrat-Bold.ttf */; };
		52DB5AAB2ACD36CF004611A7 /* Montserrat-Bold.ttf in Resources */ = {isa = PBXBuildFile; fileRef = 52DB5AA52ACD34F1004611A7 /* Montserrat-Bold.ttf */; };
		52DB5AAC2ACD36D2004611A7 /* Montserrat-ExtraBold.ttf in Resources */ = {isa = PBXBuildFile; fileRef = 52DB5AA42ACD3493004611A7 /* Montserrat-ExtraBold.ttf */; };
		52DB5AAD2ACD36D2004611A7 /* Montserrat-ExtraBold.ttf in Resources */ = {isa = PBXBuildFile; fileRef = 52DB5AA42ACD3493004611A7 /* Montserrat-ExtraBold.ttf */; };
		52DB5AAE2ACD36D4004611A7 /* Roboto-Light.ttf in Resources */ = {isa = PBXBuildFile; fileRef = 52DB5AA62ACD350B004611A7 /* Roboto-Light.ttf */; };
		52DB5AAF2ACD36D5004611A7 /* Roboto-Light.ttf in Resources */ = {isa = PBXBuildFile; fileRef = 52DB5AA62ACD350B004611A7 /* Roboto-Light.ttf */; };
		52DB5AB02ACD36D6004611A7 /* Roboto-Light.ttf in Resources */ = {isa = PBXBuildFile; fileRef = 52DB5AA62ACD350B004611A7 /* Roboto-Light.ttf */; };
		52DB5AB12ACD36D9004611A7 /* Montserrat-Regular.ttf in Resources */ = {isa = PBXBuildFile; fileRef = 52DB5AA32ACD3480004611A7 /* Montserrat-Regular.ttf */; };
		52DB5AB22ACD36D9004611A7 /* Montserrat-Regular.ttf in Resources */ = {isa = PBXBuildFile; fileRef = 52DB5AA32ACD3480004611A7 /* Montserrat-Regular.ttf */; };
		52DB5AB32ACD36DA004611A7 /* Montserrat-Regular.ttf in Resources */ = {isa = PBXBuildFile; fileRef = 52DB5AA32ACD3480004611A7 /* Montserrat-Regular.ttf */; };
		52DB5AB52ACD67B9004611A7 /* UsernameView.swift in Sources */ = {isa = PBXBuildFile; fileRef = 52DB5AB42ACD67B9004611A7 /* UsernameView.swift */; };
		52DB5AB72ACD6889004611A7 /* User.swift in Sources */ = {isa = PBXBuildFile; fileRef = 52DB5AB62ACD6889004611A7 /* User.swift */; };
		52DB5AB92ACD68A2004611A7 /* LoginViewModel.swift in Sources */ = {isa = PBXBuildFile; fileRef = 52DB5AB82ACD68A2004611A7 /* LoginViewModel.swift */; };
		52DB5ABB2ACD6A9E004611A7 /* PasswordView.swift in Sources */ = {isa = PBXBuildFile; fileRef = 52DB5ABA2ACD6A9E004611A7 /* PasswordView.swift */; };
		52DB5ABF2ACE22A9004611A7 /* SignUpViewModel.swift in Sources */ = {isa = PBXBuildFile; fileRef = 52DB5ABE2ACE22A9004611A7 /* SignUpViewModel.swift */; };
		52DB5AC12ACE22C3004611A7 /* SignUpView.swift in Sources */ = {isa = PBXBuildFile; fileRef = 52DB5AC02ACE22C3004611A7 /* SignUpView.swift */; };
		52DB5AC32ACE2C95004611A7 /* ViewState.swift in Sources */ = {isa = PBXBuildFile; fileRef = 52DB5AC22ACE2C95004611A7 /* ViewState.swift */; };
		52DB5AC52ACE347A004611A7 /* RegisteringUser.swift in Sources */ = {isa = PBXBuildFile; fileRef = 52DB5AC42ACE347A004611A7 /* RegisteringUser.swift */; };
		BE1A98482AE0855200A01B1B /* ChatView.swift in Sources */ = {isa = PBXBuildFile; fileRef = BE1A98472AE0855200A01B1B /* ChatView.swift */; };
		BE426E2E2AEE64BD00C67198 /* TextMessageView2.swift in Sources */ = {isa = PBXBuildFile; fileRef = BE426E2D2AEE64BD00C67198 /* TextMessageView2.swift */; };
		BE8B015C2ADFB480003909BB /* ChatViewModel.swift in Sources */ = {isa = PBXBuildFile; fileRef = BE8B015B2ADFB480003909BB /* ChatViewModel.swift */; };
		BEA1B3DA2AE21D5900095A55 /* SwiftOpenAI in Frameworks */ = {isa = PBXBuildFile; productRef = BEA1B3D92AE21D5900095A55 /* SwiftOpenAI */; };
		BEA1B3DC2AE2218000095A55 /* GPTViewModel.swift in Sources */ = {isa = PBXBuildFile; fileRef = BEA1B3DB2AE2218000095A55 /* GPTViewModel.swift */; };
		BEA1B3DF2AE227A700095A55 /* GPTView.swift in Sources */ = {isa = PBXBuildFile; fileRef = BEA1B3DE2AE227A700095A55 /* GPTView.swift */; };
		BEA1B3E12AE228A500095A55 /* TextMessageView.swift in Sources */ = {isa = PBXBuildFile; fileRef = BEA1B3E02AE228A500095A55 /* TextMessageView.swift */; };
		BEA1B3E52AE2557000095A55 /* ConversationView.swift in Sources */ = {isa = PBXBuildFile; fileRef = BEA1B3E42AE2557000095A55 /* ConversationView.swift */; };
		BEA333B92AE2F17400001355 /* InitialFormView.swift in Sources */ = {isa = PBXBuildFile; fileRef = BEA333B82AE2F17400001355 /* InitialFormView.swift */; };
		BEA333BB2AE2F1CC00001355 /* InitialfFormViewModel.swift in Sources */ = {isa = PBXBuildFile; fileRef = BEA333BA2AE2F1CC00001355 /* InitialfFormViewModel.swift */; };
		BEA333BD2AE2F1EC00001355 /* InitialFormModel.swift in Sources */ = {isa = PBXBuildFile; fileRef = BEA333BC2AE2F1EC00001355 /* InitialFormModel.swift */; };
		BEA333C12AE2F21A00001355 /* Color.swift in Sources */ = {isa = PBXBuildFile; fileRef = BEA333C02AE2F21A00001355 /* Color.swift */; };
		BEA333C72AE73CA900001355 /* UserForm.swift in Sources */ = {isa = PBXBuildFile; fileRef = BEA333C62AE73CA900001355 /* UserForm.swift */; };
		BEC0FF6A2AE26AB10005EDBF /* ContentsView.swift in Sources */ = {isa = PBXBuildFile; fileRef = BEC0FF692AE26AB10005EDBF /* ContentsView.swift */; };
		BEC0FF6C2AE26AD10005EDBF /* ContentsModel.swift in Sources */ = {isa = PBXBuildFile; fileRef = BEC0FF6B2AE26AD10005EDBF /* ContentsModel.swift */; };
		BEC0FF6E2AE26AE60005EDBF /* ContentsViewModel.swift in Sources */ = {isa = PBXBuildFile; fileRef = BEC0FF6D2AE26AE60005EDBF /* ContentsViewModel.swift */; };
		BEC0FF702AE26B410005EDBF /* TopicsView.swift in Sources */ = {isa = PBXBuildFile; fileRef = BEC0FF6F2AE26B410005EDBF /* TopicsView.swift */; };
		BEC0FF722AE26BB50005EDBF /* TopicsModel.swift in Sources */ = {isa = PBXBuildFile; fileRef = BEC0FF712AE26BB50005EDBF /* TopicsModel.swift */; };
		BEC0FF742AE26BC70005EDBF /* TopicsViewModel.swift in Sources */ = {isa = PBXBuildFile; fileRef = BEC0FF732AE26BC70005EDBF /* TopicsViewModel.swift */; };
		BEDB381B2AFE3C0D005D1FAC /* CameraViewController.swift in Sources */ = {isa = PBXBuildFile; fileRef = BEDB381A2AFE3C0D005D1FAC /* CameraViewController.swift */; };
		BEDB381D2AFE3C2E005D1FAC /* ModeloView.swift in Sources */ = {isa = PBXBuildFile; fileRef = BEDB381C2AFE3C2E005D1FAC /* ModeloView.swift */; };
		BEDB381F2AFE3C4F005D1FAC /* CameraModel.swift in Sources */ = {isa = PBXBuildFile; fileRef = BEDB381E2AFE3C4F005D1FAC /* CameraModel.swift */; };
		BEDB38212AFE3CEF005D1FAC /* EmotionClassifier.mlmodel in Sources */ = {isa = PBXBuildFile; fileRef = BEDB38202AFE3CEF005D1FAC /* EmotionClassifier.mlmodel */; };
		BEDB38222AFE3CEF005D1FAC /* EmotionClassifier.mlmodel in Sources */ = {isa = PBXBuildFile; fileRef = BEDB38202AFE3CEF005D1FAC /* EmotionClassifier.mlmodel */; };
		BEDB38232AFE3CEF005D1FAC /* EmotionClassifier.mlmodel in Sources */ = {isa = PBXBuildFile; fileRef = BEDB38202AFE3CEF005D1FAC /* EmotionClassifier.mlmodel */; };
		BEFC1D462AE09864006F5644 /* Message.swift in Sources */ = {isa = PBXBuildFile; fileRef = BEFC1D452AE09864006F5644 /* Message.swift */; };
		BEFC1D4A2AE0A6EA006F5644 /* SentMessageView.swift in Sources */ = {isa = PBXBuildFile; fileRef = BEFC1D492AE0A6EA006F5644 /* SentMessageView.swift */; };
		BEFC1D4C2AE0A797006F5644 /* ReceivedMessageView.swift in Sources */ = {isa = PBXBuildFile; fileRef = BEFC1D4B2AE0A797006F5644 /* ReceivedMessageView.swift */; };
		BEFC1D4E2AE0B26F006F5644 /* MyChatsView.swift in Sources */ = {isa = PBXBuildFile; fileRef = BEFC1D4D2AE0B26F006F5644 /* MyChatsView.swift */; };
		BEFC1D522AE0EB3A006F5644 /* PicturesViewModel.swift in Sources */ = {isa = PBXBuildFile; fileRef = BEFC1D512AE0EB3A006F5644 /* PicturesViewModel.swift */; };
		BEFC1D542AE0EB51006F5644 /* Picture.swift in Sources */ = {isa = PBXBuildFile; fileRef = BEFC1D532AE0EB51006F5644 /* Picture.swift */; };
		BEFC1D562AE0EC0B006F5644 /* PictureView.swift in Sources */ = {isa = PBXBuildFile; fileRef = BEFC1D552AE0EC0B006F5644 /* PictureView.swift */; };
		CBEC68BD2AFE9F350042A309 /* AnalyticsView.swift in Sources */ = {isa = PBXBuildFile; fileRef = CBEC68BC2AFE9F350042A309 /* AnalyticsView.swift */; };
		CBEC68BF2AFE9F610042A309 /* AnalyticsViewModel.swift in Sources */ = {isa = PBXBuildFile; fileRef = CBEC68BE2AFE9F610042A309 /* AnalyticsViewModel.swift */; };
		CBEC68C12AFE9F770042A309 /* AnalyticsModel.swift in Sources */ = {isa = PBXBuildFile; fileRef = CBEC68C02AFE9F770042A309 /* AnalyticsModel.swift */; };
		FB90C36C2AF1B0FB006BF87B /* SectionsView.swift in Sources */ = {isa = PBXBuildFile; fileRef = FB90C36B2AF1B0FB006BF87B /* SectionsView.swift */; };
		FB90C36E2AF1B197006BF87B /* SectionsModel.swift in Sources */ = {isa = PBXBuildFile; fileRef = FB90C36D2AF1B197006BF87B /* SectionsModel.swift */; };
		FB90C3702AF1B1F8006BF87B /* SectionsViewModel.swift in Sources */ = {isa = PBXBuildFile; fileRef = FB90C36F2AF1B1F8006BF87B /* SectionsViewModel.swift */; };
/* End PBXBuildFile section */

/* Begin PBXContainerItemProxy section */
		52DB5A852ACD2372004611A7 /* PBXContainerItemProxy */ = {
			isa = PBXContainerItemProxy;
			containerPortal = 52DB5A6C2ACD236B004611A7 /* Project object */;
			proxyType = 1;
			remoteGlobalIDString = 52DB5A732ACD236B004611A7;
			remoteInfo = Phil;
		};
		52DB5A8F2ACD2372004611A7 /* PBXContainerItemProxy */ = {
			isa = PBXContainerItemProxy;
			containerPortal = 52DB5A6C2ACD236B004611A7 /* Project object */;
			proxyType = 1;
			remoteGlobalIDString = 52DB5A732ACD236B004611A7;
			remoteInfo = Phil;
		};
/* End PBXContainerItemProxy section */

/* Begin PBXFileReference section */
		5238279A2AF9963800937238 /* TabBarView.swift */ = {isa = PBXFileReference; lastKnownFileType = sourcecode.swift; path = TabBarView.swift; sourceTree = "<group>"; };
		52711E692AD4DE390049DEE1 /* UserInputValidator.swift */ = {isa = PBXFileReference; lastKnownFileType = sourcecode.swift; path = UserInputValidator.swift; sourceTree = "<group>"; };
		52711E6C2AD4E0850049DEE1 /* UserInputValidatorTests.swift */ = {isa = PBXFileReference; lastKnownFileType = sourcecode.swift; path = UserInputValidatorTests.swift; sourceTree = "<group>"; };
		52C6F66A2AFD882300216E2B /* APIClient.swift */ = {isa = PBXFileReference; lastKnownFileType = sourcecode.swift; path = APIClient.swift; sourceTree = "<group>"; };
		52C6F66C2AFD885C00216E2B /* API.swift */ = {isa = PBXFileReference; lastKnownFileType = sourcecode.swift; path = API.swift; sourceTree = "<group>"; };
		52CC1B992ACF47F300AD0029 /* TokenHelper.swift */ = {isa = PBXFileReference; lastKnownFileType = sourcecode.swift; path = TokenHelper.swift; sourceTree = "<group>"; };
		52CC1B9F2ACF4B3000AD0029 /* HomeView.swift */ = {isa = PBXFileReference; lastKnownFileType = sourcecode.swift; path = HomeView.swift; sourceTree = "<group>"; };
		52DB54182ACE9F860019B448 /* AuthService.swift */ = {isa = PBXFileReference; lastKnownFileType = sourcecode.swift; path = AuthService.swift; sourceTree = "<group>"; };
		52DB5A742ACD236B004611A7 /* Phil.app */ = {isa = PBXFileReference; explicitFileType = wrapper.application; includeInIndex = 0; path = Phil.app; sourceTree = BUILT_PRODUCTS_DIR; };
		52DB5A772ACD236B004611A7 /* PhilApp.swift */ = {isa = PBXFileReference; lastKnownFileType = sourcecode.swift; path = PhilApp.swift; sourceTree = "<group>"; };
		52DB5A792ACD236B004611A7 /* MainView.swift */ = {isa = PBXFileReference; lastKnownFileType = sourcecode.swift; path = MainView.swift; sourceTree = "<group>"; };
		52DB5A7B2ACD2372004611A7 /* Assets.xcassets */ = {isa = PBXFileReference; lastKnownFileType = folder.assetcatalog; path = Assets.xcassets; sourceTree = "<group>"; };
		52DB5A7E2ACD2372004611A7 /* Preview Assets.xcassets */ = {isa = PBXFileReference; lastKnownFileType = folder.assetcatalog; path = "Preview Assets.xcassets"; sourceTree = "<group>"; };
		52DB5A842ACD2372004611A7 /* PhilTests.xctest */ = {isa = PBXFileReference; explicitFileType = wrapper.cfbundle; includeInIndex = 0; path = PhilTests.xctest; sourceTree = BUILT_PRODUCTS_DIR; };
		52DB5A882ACD2372004611A7 /* PhilTests.swift */ = {isa = PBXFileReference; lastKnownFileType = sourcecode.swift; path = PhilTests.swift; sourceTree = "<group>"; };
		52DB5A8E2ACD2372004611A7 /* PhilUITests.xctest */ = {isa = PBXFileReference; explicitFileType = wrapper.cfbundle; includeInIndex = 0; path = PhilUITests.xctest; sourceTree = BUILT_PRODUCTS_DIR; };
		52DB5A922ACD2372004611A7 /* PhilUITests.swift */ = {isa = PBXFileReference; lastKnownFileType = sourcecode.swift; path = PhilUITests.swift; sourceTree = "<group>"; };
		52DB5A942ACD2372004611A7 /* PhilUITestsLaunchTests.swift */ = {isa = PBXFileReference; lastKnownFileType = sourcecode.swift; path = PhilUITestsLaunchTests.swift; sourceTree = "<group>"; };
		52DB5AA32ACD3480004611A7 /* Montserrat-Regular.ttf */ = {isa = PBXFileReference; lastKnownFileType = file; path = "Montserrat-Regular.ttf"; sourceTree = "<group>"; };
		52DB5AA42ACD3493004611A7 /* Montserrat-ExtraBold.ttf */ = {isa = PBXFileReference; lastKnownFileType = file; path = "Montserrat-ExtraBold.ttf"; sourceTree = "<group>"; };
		52DB5AA52ACD34F1004611A7 /* Montserrat-Bold.ttf */ = {isa = PBXFileReference; lastKnownFileType = file; path = "Montserrat-Bold.ttf"; sourceTree = "<group>"; };
		52DB5AA62ACD350B004611A7 /* Roboto-Light.ttf */ = {isa = PBXFileReference; lastKnownFileType = file; path = "Roboto-Light.ttf"; sourceTree = "<group>"; };
		52DB5AA72ACD35FB004611A7 /* Info.plist */ = {isa = PBXFileReference; lastKnownFileType = text.plist; path = Info.plist; sourceTree = "<group>"; };
		52DB5AB42ACD67B9004611A7 /* UsernameView.swift */ = {isa = PBXFileReference; lastKnownFileType = sourcecode.swift; path = UsernameView.swift; sourceTree = "<group>"; };
		52DB5AB62ACD6889004611A7 /* User.swift */ = {isa = PBXFileReference; lastKnownFileType = sourcecode.swift; path = User.swift; sourceTree = "<group>"; };
		52DB5AB82ACD68A2004611A7 /* LoginViewModel.swift */ = {isa = PBXFileReference; lastKnownFileType = sourcecode.swift; path = LoginViewModel.swift; sourceTree = "<group>"; };
		52DB5ABA2ACD6A9E004611A7 /* PasswordView.swift */ = {isa = PBXFileReference; lastKnownFileType = sourcecode.swift; path = PasswordView.swift; sourceTree = "<group>"; };
		52DB5ABE2ACE22A9004611A7 /* SignUpViewModel.swift */ = {isa = PBXFileReference; lastKnownFileType = sourcecode.swift; path = SignUpViewModel.swift; sourceTree = "<group>"; };
		52DB5AC02ACE22C3004611A7 /* SignUpView.swift */ = {isa = PBXFileReference; lastKnownFileType = sourcecode.swift; path = SignUpView.swift; sourceTree = "<group>"; };
		52DB5AC22ACE2C95004611A7 /* ViewState.swift */ = {isa = PBXFileReference; lastKnownFileType = sourcecode.swift; path = ViewState.swift; sourceTree = "<group>"; };
		52DB5AC42ACE347A004611A7 /* RegisteringUser.swift */ = {isa = PBXFileReference; lastKnownFileType = sourcecode.swift; path = RegisteringUser.swift; sourceTree = "<group>"; };
		BE1A98472AE0855200A01B1B /* ChatView.swift */ = {isa = PBXFileReference; lastKnownFileType = sourcecode.swift; path = ChatView.swift; sourceTree = "<group>"; };
		BE426E2D2AEE64BD00C67198 /* TextMessageView2.swift */ = {isa = PBXFileReference; lastKnownFileType = sourcecode.swift; path = TextMessageView2.swift; sourceTree = "<group>"; };
		BE8B015B2ADFB480003909BB /* ChatViewModel.swift */ = {isa = PBXFileReference; lastKnownFileType = sourcecode.swift; path = ChatViewModel.swift; sourceTree = "<group>"; };
		BEA1B3DB2AE2218000095A55 /* GPTViewModel.swift */ = {isa = PBXFileReference; lastKnownFileType = sourcecode.swift; path = GPTViewModel.swift; sourceTree = "<group>"; };
		BEA1B3DE2AE227A700095A55 /* GPTView.swift */ = {isa = PBXFileReference; lastKnownFileType = sourcecode.swift; path = GPTView.swift; sourceTree = "<group>"; };
		BEA1B3E02AE228A500095A55 /* TextMessageView.swift */ = {isa = PBXFileReference; lastKnownFileType = sourcecode.swift; path = TextMessageView.swift; sourceTree = "<group>"; };
		BEA1B3E42AE2557000095A55 /* ConversationView.swift */ = {isa = PBXFileReference; lastKnownFileType = sourcecode.swift; path = ConversationView.swift; sourceTree = "<group>"; };
		BEA333B82AE2F17400001355 /* InitialFormView.swift */ = {isa = PBXFileReference; lastKnownFileType = sourcecode.swift; path = InitialFormView.swift; sourceTree = "<group>"; };
		BEA333BA2AE2F1CC00001355 /* InitialfFormViewModel.swift */ = {isa = PBXFileReference; lastKnownFileType = sourcecode.swift; path = InitialfFormViewModel.swift; sourceTree = "<group>"; };
		BEA333BC2AE2F1EC00001355 /* InitialFormModel.swift */ = {isa = PBXFileReference; lastKnownFileType = sourcecode.swift; path = InitialFormModel.swift; sourceTree = "<group>"; };
		BEA333C02AE2F21A00001355 /* Color.swift */ = {isa = PBXFileReference; lastKnownFileType = sourcecode.swift; path = Color.swift; sourceTree = "<group>"; };
		BEA333C62AE73CA900001355 /* UserForm.swift */ = {isa = PBXFileReference; lastKnownFileType = sourcecode.swift; path = UserForm.swift; sourceTree = "<group>"; };
		BEC0FF692AE26AB10005EDBF /* ContentsView.swift */ = {isa = PBXFileReference; lastKnownFileType = sourcecode.swift; path = ContentsView.swift; sourceTree = "<group>"; };
		BEC0FF6B2AE26AD10005EDBF /* ContentsModel.swift */ = {isa = PBXFileReference; lastKnownFileType = sourcecode.swift; path = ContentsModel.swift; sourceTree = "<group>"; };
		BEC0FF6D2AE26AE60005EDBF /* ContentsViewModel.swift */ = {isa = PBXFileReference; lastKnownFileType = sourcecode.swift; path = ContentsViewModel.swift; sourceTree = "<group>"; };
		BEC0FF6F2AE26B410005EDBF /* TopicsView.swift */ = {isa = PBXFileReference; lastKnownFileType = sourcecode.swift; path = TopicsView.swift; sourceTree = "<group>"; };
		BEC0FF712AE26BB50005EDBF /* TopicsModel.swift */ = {isa = PBXFileReference; lastKnownFileType = sourcecode.swift; path = TopicsModel.swift; sourceTree = "<group>"; };
		BEC0FF732AE26BC70005EDBF /* TopicsViewModel.swift */ = {isa = PBXFileReference; lastKnownFileType = sourcecode.swift; path = TopicsViewModel.swift; sourceTree = "<group>"; };
		BEDB381A2AFE3C0D005D1FAC /* CameraViewController.swift */ = {isa = PBXFileReference; lastKnownFileType = sourcecode.swift; path = CameraViewController.swift; sourceTree = "<group>"; };
		BEDB381C2AFE3C2E005D1FAC /* ModeloView.swift */ = {isa = PBXFileReference; lastKnownFileType = sourcecode.swift; path = ModeloView.swift; sourceTree = "<group>"; };
		BEDB381E2AFE3C4F005D1FAC /* CameraModel.swift */ = {isa = PBXFileReference; lastKnownFileType = sourcecode.swift; path = CameraModel.swift; sourceTree = "<group>"; };
		BEDB38202AFE3CEF005D1FAC /* EmotionClassifier.mlmodel */ = {isa = PBXFileReference; lastKnownFileType = file.mlmodel; name = EmotionClassifier.mlmodel; path = ../../../Downloads/EmotionClassifier.mlmodel; sourceTree = "<group>"; };
		BEFC1D452AE09864006F5644 /* Message.swift */ = {isa = PBXFileReference; lastKnownFileType = sourcecode.swift; path = Message.swift; sourceTree = "<group>"; };
		BEFC1D492AE0A6EA006F5644 /* SentMessageView.swift */ = {isa = PBXFileReference; lastKnownFileType = sourcecode.swift; path = SentMessageView.swift; sourceTree = "<group>"; };
		BEFC1D4B2AE0A797006F5644 /* ReceivedMessageView.swift */ = {isa = PBXFileReference; lastKnownFileType = sourcecode.swift; path = ReceivedMessageView.swift; sourceTree = "<group>"; };
		BEFC1D4D2AE0B26F006F5644 /* MyChatsView.swift */ = {isa = PBXFileReference; lastKnownFileType = sourcecode.swift; path = MyChatsView.swift; sourceTree = "<group>"; };
		BEFC1D512AE0EB3A006F5644 /* PicturesViewModel.swift */ = {isa = PBXFileReference; lastKnownFileType = sourcecode.swift; path = PicturesViewModel.swift; sourceTree = "<group>"; };
		BEFC1D532AE0EB51006F5644 /* Picture.swift */ = {isa = PBXFileReference; lastKnownFileType = sourcecode.swift; path = Picture.swift; sourceTree = "<group>"; };
		BEFC1D552AE0EC0B006F5644 /* PictureView.swift */ = {isa = PBXFileReference; lastKnownFileType = sourcecode.swift; path = PictureView.swift; sourceTree = "<group>"; };
		CBEC68BC2AFE9F350042A309 /* AnalyticsView.swift */ = {isa = PBXFileReference; lastKnownFileType = sourcecode.swift; path = AnalyticsView.swift; sourceTree = "<group>"; };
		CBEC68BE2AFE9F610042A309 /* AnalyticsViewModel.swift */ = {isa = PBXFileReference; lastKnownFileType = sourcecode.swift; path = AnalyticsViewModel.swift; sourceTree = "<group>"; };
		CBEC68C02AFE9F770042A309 /* AnalyticsModel.swift */ = {isa = PBXFileReference; lastKnownFileType = sourcecode.swift; path = AnalyticsModel.swift; sourceTree = "<group>"; };
		FB90C36B2AF1B0FB006BF87B /* SectionsView.swift */ = {isa = PBXFileReference; lastKnownFileType = sourcecode.swift; path = SectionsView.swift; sourceTree = "<group>"; };
		FB90C36D2AF1B197006BF87B /* SectionsModel.swift */ = {isa = PBXFileReference; lastKnownFileType = sourcecode.swift; path = SectionsModel.swift; sourceTree = "<group>"; };
		FB90C36F2AF1B1F8006BF87B /* SectionsViewModel.swift */ = {isa = PBXFileReference; lastKnownFileType = sourcecode.swift; path = SectionsViewModel.swift; sourceTree = "<group>"; };
/* End PBXFileReference section */

/* Begin PBXFrameworksBuildPhase section */
		52DB5A712ACD236B004611A7 /* Frameworks */ = {
			isa = PBXFrameworksBuildPhase;
			buildActionMask = 2147483647;
			files = (
				BEA1B3DA2AE21D5900095A55 /* SwiftOpenAI in Frameworks */,
				52CC1B982ACF461900AD0029 /* KeychainSwift in Frameworks */,
				52DB54172ACE9F670019B448 /* Alamofire in Frameworks */,
				52CC1B9D2ACF485E00AD0029 /* JWTDecode in Frameworks */,
			);
			runOnlyForDeploymentPostprocessing = 0;
		};
		52DB5A812ACD2372004611A7 /* Frameworks */ = {
			isa = PBXFrameworksBuildPhase;
			buildActionMask = 2147483647;
			files = (
			);
			runOnlyForDeploymentPostprocessing = 0;
		};
		52DB5A8B2ACD2372004611A7 /* Frameworks */ = {
			isa = PBXFrameworksBuildPhase;
			buildActionMask = 2147483647;
			files = (
			);
			runOnlyForDeploymentPostprocessing = 0;
		};
/* End PBXFrameworksBuildPhase section */

/* Begin PBXGroup section */
		523827952AF975EF00937238 /* Pictures */ = {
			isa = PBXGroup;
			children = (
				BEFC1D552AE0EC0B006F5644 /* PictureView.swift */,
				BEFC1D512AE0EB3A006F5644 /* PicturesViewModel.swift */,
				BEFC1D532AE0EB51006F5644 /* Picture.swift */,
			);
			path = Pictures;
			sourceTree = "<group>";
		};
		523827962AF9760D00937238 /* Topics */ = {
			isa = PBXGroup;
			children = (
				523827982AF9767100937238 /* Sections */,
				BEC0FF6F2AE26B410005EDBF /* TopicsView.swift */,
				BEC0FF732AE26BC70005EDBF /* TopicsViewModel.swift */,
				BEC0FF712AE26BB50005EDBF /* TopicsModel.swift */,
			);
			path = Topics;
			sourceTree = "<group>";
		};
		523827972AF9763700937238 /* InitialForm */ = {
			isa = PBXGroup;
			children = (
				BEA333B82AE2F17400001355 /* InitialFormView.swift */,
				BEA333BA2AE2F1CC00001355 /* InitialfFormViewModel.swift */,
				BEA333BC2AE2F1EC00001355 /* InitialFormModel.swift */,
			);
			path = InitialForm;
			sourceTree = "<group>";
		};
		523827982AF9767100937238 /* Sections */ = {
			isa = PBXGroup;
			children = (
				FB90C36B2AF1B0FB006BF87B /* SectionsView.swift */,
				FB90C36F2AF1B1F8006BF87B /* SectionsViewModel.swift */,
				FB90C36D2AF1B197006BF87B /* SectionsModel.swift */,
			);
			path = Sections;
			sourceTree = "<group>";
		};
		523827992AF9962800937238 /* TabBar */ = {
			isa = PBXGroup;
			children = (
				5238279A2AF9963800937238 /* TabBarView.swift */,
			);
			path = TabBar;
			sourceTree = "<group>";
		};
		52CC1B9E2ACF488700AD0029 /* Services */ = {
			isa = PBXGroup;
			children = (
				52DB54182ACE9F860019B448 /* AuthService.swift */,
				52C6F66A2AFD882300216E2B /* APIClient.swift */,
				52C6F66C2AFD885C00216E2B /* API.swift */,
			);
			path = Services;
			sourceTree = "<group>";
		};
		52DB5A6B2ACD236B004611A7 = {
			isa = PBXGroup;
			children = (
				CBEC68BB2AFE9F190042A309 /* Analytics */,
				BEDB38182AFE3BEB005D1FAC /* Model */,
				523827992AF9962800937238 /* TabBar */,
				523827972AF9763700937238 /* InitialForm */,
				523827962AF9760D00937238 /* Topics */,
				523827952AF975EF00937238 /* Pictures */,
				BEA1B3DD2AE2279900095A55 /* GPT */,
				52F2B96D2AF4A7AC002792AA /* Contents */,
				BEA333C52AE2FCB800001355 /* Login */,
				52F2B96C2AF4A748002792AA /* SignUp */,
				52CC1B9E2ACF488700AD0029 /* Services */,
				52DB5AC92ACE3968004611A7 /* Helpers */,
				52DB5AC82ACE3918004611A7 /* Views */,
				52DB5AA22ACD3470004611A7 /* Fonts */,
				52DB5A762ACD236B004611A7 /* Phil */,
				52DB5A872ACD2372004611A7 /* PhilTests */,
				52DB5A912ACD2372004611A7 /* PhilUITests */,
				52DB5A752ACD236B004611A7 /* Products */,
			);
			sourceTree = "<group>";
		};
		52DB5A752ACD236B004611A7 /* Products */ = {
			isa = PBXGroup;
			children = (
				52DB5A742ACD236B004611A7 /* Phil.app */,
				52DB5A842ACD2372004611A7 /* PhilTests.xctest */,
				52DB5A8E2ACD2372004611A7 /* PhilUITests.xctest */,
			);
			name = Products;
			sourceTree = "<group>";
		};
		52DB5A762ACD236B004611A7 /* Phil */ = {
			isa = PBXGroup;
			children = (
				52DB5AA72ACD35FB004611A7 /* Info.plist */,
				52DB5A772ACD236B004611A7 /* PhilApp.swift */,
				52DB5A792ACD236B004611A7 /* MainView.swift */,
				52DB5A7B2ACD2372004611A7 /* Assets.xcassets */,
				52DB5A7D2ACD2372004611A7 /* Preview Content */,
			);
			path = Phil;
			sourceTree = "<group>";
		};
		52DB5A7D2ACD2372004611A7 /* Preview Content */ = {
			isa = PBXGroup;
			children = (
				52DB5A7E2ACD2372004611A7 /* Preview Assets.xcassets */,
			);
			path = "Preview Content";
			sourceTree = "<group>";
		};
		52DB5A872ACD2372004611A7 /* PhilTests */ = {
			isa = PBXGroup;
			children = (
				52DB5A882ACD2372004611A7 /* PhilTests.swift */,
				52711E6C2AD4E0850049DEE1 /* UserInputValidatorTests.swift */,
			);
			path = PhilTests;
			sourceTree = "<group>";
		};
		52DB5A912ACD2372004611A7 /* PhilUITests */ = {
			isa = PBXGroup;
			children = (
				52DB5A922ACD2372004611A7 /* PhilUITests.swift */,
				52DB5A942ACD2372004611A7 /* PhilUITestsLaunchTests.swift */,
			);
			path = PhilUITests;
			sourceTree = "<group>";
		};
		52DB5AA22ACD3470004611A7 /* Fonts */ = {
			isa = PBXGroup;
			children = (
				52DB5AA32ACD3480004611A7 /* Montserrat-Regular.ttf */,
				52DB5AA52ACD34F1004611A7 /* Montserrat-Bold.ttf */,
				52DB5AA42ACD3493004611A7 /* Montserrat-ExtraBold.ttf */,
				52DB5AA62ACD350B004611A7 /* Roboto-Light.ttf */,
			);
			path = Fonts;
			sourceTree = "<group>";
		};
		52DB5AC82ACE3918004611A7 /* Views */ = {
			isa = PBXGroup;
			children = (
				52CC1B9F2ACF4B3000AD0029 /* HomeView.swift */,
			);
			path = Views;
			sourceTree = "<group>";
		};
		52DB5AC92ACE3968004611A7 /* Helpers */ = {
			isa = PBXGroup;
			children = (
				52DB5AC22ACE2C95004611A7 /* ViewState.swift */,
				52CC1B992ACF47F300AD0029 /* TokenHelper.swift */,
				52711E692AD4DE390049DEE1 /* UserInputValidator.swift */,
				BEA333C02AE2F21A00001355 /* Color.swift */,
			);
			path = Helpers;
			sourceTree = "<group>";
		};
		52F2B96C2AF4A748002792AA /* SignUp */ = {
			isa = PBXGroup;
			children = (
				52DB5AC02ACE22C3004611A7 /* SignUpView.swift */,
				52DB5AC42ACE347A004611A7 /* RegisteringUser.swift */,
				52DB5ABE2ACE22A9004611A7 /* SignUpViewModel.swift */,
			);
			path = SignUp;
			sourceTree = "<group>";
		};
		52F2B96D2AF4A7AC002792AA /* Contents */ = {
			isa = PBXGroup;
			children = (
				BEC0FF692AE26AB10005EDBF /* ContentsView.swift */,
				BEC0FF6D2AE26AE60005EDBF /* ContentsViewModel.swift */,
				BEC0FF6B2AE26AD10005EDBF /* ContentsModel.swift */,
			);
			path = Contents;
			sourceTree = "<group>";
		};
		BEA1B3DD2AE2279900095A55 /* GPT */ = {
			isa = PBXGroup;
			children = (
				BEFC1D4D2AE0B26F006F5644 /* MyChatsView.swift */,
				BE8B015B2ADFB480003909BB /* ChatViewModel.swift */,
				BEA1B3DB2AE2218000095A55 /* GPTViewModel.swift */,
				BEA1B3DE2AE227A700095A55 /* GPTView.swift */,
				BEA1B3E02AE228A500095A55 /* TextMessageView.swift */,
				BEFC1D452AE09864006F5644 /* Message.swift */,
				BEA1B3E42AE2557000095A55 /* ConversationView.swift */,
				BEA333C62AE73CA900001355 /* UserForm.swift */,
				BEFC1D482AE0A67A006F5644 /* Messages */,
			);
			path = GPT;
			sourceTree = "<group>";
		};
		BEA333C52AE2FCB800001355 /* Login */ = {
			isa = PBXGroup;
			children = (
				52DB5AB42ACD67B9004611A7 /* UsernameView.swift */,
				52DB5ABA2ACD6A9E004611A7 /* PasswordView.swift */,
				52DB5AB82ACD68A2004611A7 /* LoginViewModel.swift */,
				52DB5AB62ACD6889004611A7 /* User.swift */,
			);
			path = Login;
			sourceTree = "<group>";
		};
		BEDB38182AFE3BEB005D1FAC /* Model */ = {
			isa = PBXGroup;
			children = (
				BEDB38202AFE3CEF005D1FAC /* EmotionClassifier.mlmodel */,
				BEDB381A2AFE3C0D005D1FAC /* CameraViewController.swift */,
				BEDB381C2AFE3C2E005D1FAC /* ModeloView.swift */,
				BEDB381E2AFE3C4F005D1FAC /* CameraModel.swift */,
			);
			path = Model;
			sourceTree = "<group>";
		};
		BEFC1D482AE0A67A006F5644 /* Messages */ = {
			isa = PBXGroup;
			children = (
				BE1A98472AE0855200A01B1B /* ChatView.swift */,
				BEFC1D492AE0A6EA006F5644 /* SentMessageView.swift */,
				BEFC1D4B2AE0A797006F5644 /* ReceivedMessageView.swift */,
				BE426E2D2AEE64BD00C67198 /* TextMessageView2.swift */,
			);
			path = Messages;
			sourceTree = "<group>";
		};
		CBEC68BB2AFE9F190042A309 /* Analytics */ = {
			isa = PBXGroup;
			children = (
				CBEC68BC2AFE9F350042A309 /* AnalyticsView.swift */,
				CBEC68BE2AFE9F610042A309 /* AnalyticsViewModel.swift */,
				CBEC68C02AFE9F770042A309 /* AnalyticsModel.swift */,
			);
			path = Analytics;
			sourceTree = "<group>";
		};
/* End PBXGroup section */

/* Begin PBXNativeTarget section */
		52DB5A732ACD236B004611A7 /* Phil */ = {
			isa = PBXNativeTarget;
			buildConfigurationList = 52DB5A982ACD2372004611A7 /* Build configuration list for PBXNativeTarget "Phil" */;
			buildPhases = (
				52DB5A702ACD236B004611A7 /* Sources */,
				52DB5A712ACD236B004611A7 /* Frameworks */,
				52DB5A722ACD236B004611A7 /* Resources */,
			);
			buildRules = (
			);
			dependencies = (
			);
			name = Phil;
			packageProductDependencies = (
				52DB54162ACE9F670019B448 /* Alamofire */,
				52CC1B972ACF461900AD0029 /* KeychainSwift */,
				52CC1B9C2ACF485E00AD0029 /* JWTDecode */,
				BEA1B3D92AE21D5900095A55 /* SwiftOpenAI */,
			);
			productName = Phil;
			productReference = 52DB5A742ACD236B004611A7 /* Phil.app */;
			productType = "com.apple.product-type.application";
		};
		52DB5A832ACD2372004611A7 /* PhilTests */ = {
			isa = PBXNativeTarget;
			buildConfigurationList = 52DB5A9B2ACD2372004611A7 /* Build configuration list for PBXNativeTarget "PhilTests" */;
			buildPhases = (
				52DB5A802ACD2372004611A7 /* Sources */,
				52DB5A812ACD2372004611A7 /* Frameworks */,
				52DB5A822ACD2372004611A7 /* Resources */,
			);
			buildRules = (
			);
			dependencies = (
				52DB5A862ACD2372004611A7 /* PBXTargetDependency */,
			);
			name = PhilTests;
			productName = PhilTests;
			productReference = 52DB5A842ACD2372004611A7 /* PhilTests.xctest */;
			productType = "com.apple.product-type.bundle.unit-test";
		};
		52DB5A8D2ACD2372004611A7 /* PhilUITests */ = {
			isa = PBXNativeTarget;
			buildConfigurationList = 52DB5A9E2ACD2372004611A7 /* Build configuration list for PBXNativeTarget "PhilUITests" */;
			buildPhases = (
				52DB5A8A2ACD2372004611A7 /* Sources */,
				52DB5A8B2ACD2372004611A7 /* Frameworks */,
				52DB5A8C2ACD2372004611A7 /* Resources */,
			);
			buildRules = (
			);
			dependencies = (
				52DB5A902ACD2372004611A7 /* PBXTargetDependency */,
			);
			name = PhilUITests;
			productName = PhilUITests;
			productReference = 52DB5A8E2ACD2372004611A7 /* PhilUITests.xctest */;
			productType = "com.apple.product-type.bundle.ui-testing";
		};
/* End PBXNativeTarget section */

/* Begin PBXProject section */
		52DB5A6C2ACD236B004611A7 /* Project object */ = {
			isa = PBXProject;
			attributes = {
				BuildIndependentTargetsInParallel = 1;
				LastSwiftUpdateCheck = 1430;
				LastUpgradeCheck = 1430;
				TargetAttributes = {
					52DB5A732ACD236B004611A7 = {
						CreatedOnToolsVersion = 14.3.1;
					};
					52DB5A832ACD2372004611A7 = {
						CreatedOnToolsVersion = 14.3.1;
						TestTargetID = 52DB5A732ACD236B004611A7;
					};
					52DB5A8D2ACD2372004611A7 = {
						CreatedOnToolsVersion = 14.3.1;
						TestTargetID = 52DB5A732ACD236B004611A7;
					};
				};
			};
			buildConfigurationList = 52DB5A6F2ACD236B004611A7 /* Build configuration list for PBXProject "Phil" */;
			compatibilityVersion = "Xcode 14.0";
			developmentRegion = en;
			hasScannedForEncodings = 0;
			knownRegions = (
				en,
				Base,
			);
			mainGroup = 52DB5A6B2ACD236B004611A7;
			packageReferences = (
				52DB54152ACE9F670019B448 /* XCRemoteSwiftPackageReference "Alamofire" */,
				52CC1B962ACF461900AD0029 /* XCRemoteSwiftPackageReference "keychain-swift" */,
				52CC1B9B2ACF485E00AD0029 /* XCRemoteSwiftPackageReference "JWTDecode.swift" */,
				BEA1B3D82AE21D5900095A55 /* XCRemoteSwiftPackageReference "SwiftOpenAI" */,
			);
			productRefGroup = 52DB5A752ACD236B004611A7 /* Products */;
			projectDirPath = "";
			projectRoot = "";
			targets = (
				52DB5A732ACD236B004611A7 /* Phil */,
				52DB5A832ACD2372004611A7 /* PhilTests */,
				52DB5A8D2ACD2372004611A7 /* PhilUITests */,
			);
		};
/* End PBXProject section */

/* Begin PBXResourcesBuildPhase section */
		52DB5A722ACD236B004611A7 /* Resources */ = {
			isa = PBXResourcesBuildPhase;
			buildActionMask = 2147483647;
			files = (
				52DB5AB12ACD36D9004611A7 /* Montserrat-Regular.ttf in Resources */,
				52DB5AA92ACD36CC004611A7 /* Montserrat-Bold.ttf in Resources */,
				52DB5A7F2ACD2372004611A7 /* Preview Assets.xcassets in Resources */,
				52DB5AAE2ACD36D4004611A7 /* Roboto-Light.ttf in Resources */,
				52DB5AA82ACD36C7004611A7 /* Montserrat-ExtraBold.ttf in Resources */,
				52DB5A7C2ACD2372004611A7 /* Assets.xcassets in Resources */,
			);
			runOnlyForDeploymentPostprocessing = 0;
		};
		52DB5A822ACD2372004611A7 /* Resources */ = {
			isa = PBXResourcesBuildPhase;
			buildActionMask = 2147483647;
			files = (
				52DB5AB22ACD36D9004611A7 /* Montserrat-Regular.ttf in Resources */,
				52DB5AAA2ACD36CE004611A7 /* Montserrat-Bold.ttf in Resources */,
				52DB5AAC2ACD36D2004611A7 /* Montserrat-ExtraBold.ttf in Resources */,
				52DB5AAF2ACD36D5004611A7 /* Roboto-Light.ttf in Resources */,
			);
			runOnlyForDeploymentPostprocessing = 0;
		};
		52DB5A8C2ACD2372004611A7 /* Resources */ = {
			isa = PBXResourcesBuildPhase;
			buildActionMask = 2147483647;
			files = (
				52DB5AB32ACD36DA004611A7 /* Montserrat-Regular.ttf in Resources */,
				52DB5AAB2ACD36CF004611A7 /* Montserrat-Bold.ttf in Resources */,
				52DB5AAD2ACD36D2004611A7 /* Montserrat-ExtraBold.ttf in Resources */,
				52DB5AB02ACD36D6004611A7 /* Roboto-Light.ttf in Resources */,
			);
			runOnlyForDeploymentPostprocessing = 0;
		};
/* End PBXResourcesBuildPhase section */

/* Begin PBXSourcesBuildPhase section */
		52DB5A702ACD236B004611A7 /* Sources */ = {
			isa = PBXSourcesBuildPhase;
			buildActionMask = 2147483647;
			files = (
				52DB5AB72ACD6889004611A7 /* User.swift in Sources */,
				BEA1B3E12AE228A500095A55 /* TextMessageView.swift in Sources */,
				BEC0FF6E2AE26AE60005EDBF /* ContentsViewModel.swift in Sources */,
				52DB5ABB2ACD6A9E004611A7 /* PasswordView.swift in Sources */,
				52CC1BA02ACF4B3000AD0029 /* HomeView.swift in Sources */,
				BEC0FF742AE26BC70005EDBF /* TopicsViewModel.swift in Sources */,
				BE426E2E2AEE64BD00C67198 /* TextMessageView2.swift in Sources */,
				BEFC1D462AE09864006F5644 /* Message.swift in Sources */,
				CBEC68C12AFE9F770042A309 /* AnalyticsModel.swift in Sources */,
				FB90C36C2AF1B0FB006BF87B /* SectionsView.swift in Sources */,
				52DB5AC32ACE2C95004611A7 /* ViewState.swift in Sources */,
				BE1A98482AE0855200A01B1B /* ChatView.swift in Sources */,
				BEC0FF6C2AE26AD10005EDBF /* ContentsModel.swift in Sources */,
				BEA333C72AE73CA900001355 /* UserForm.swift in Sources */,
				CBEC68BD2AFE9F350042A309 /* AnalyticsView.swift in Sources */,
				BEA333C12AE2F21A00001355 /* Color.swift in Sources */,
				BEFC1D4A2AE0A6EA006F5644 /* SentMessageView.swift in Sources */,
				52DB5AB52ACD67B9004611A7 /* UsernameView.swift in Sources */,
				BEFC1D4E2AE0B26F006F5644 /* MyChatsView.swift in Sources */,
				BEFC1D4C2AE0A797006F5644 /* ReceivedMessageView.swift in Sources */,
				BEA1B3DF2AE227A700095A55 /* GPTView.swift in Sources */,
				CBEC68BF2AFE9F610042A309 /* AnalyticsViewModel.swift in Sources */,
				BEA333B92AE2F17400001355 /* InitialFormView.swift in Sources */,
				BEFC1D562AE0EC0B006F5644 /* PictureView.swift in Sources */,
				BEA333BB2AE2F1CC00001355 /* InitialfFormViewModel.swift in Sources */,
				BEC0FF722AE26BB50005EDBF /* TopicsModel.swift in Sources */,
				52DB5AC52ACE347A004611A7 /* RegisteringUser.swift in Sources */,
				BEC0FF6A2AE26AB10005EDBF /* ContentsView.swift in Sources */,
				FB90C36E2AF1B197006BF87B /* SectionsModel.swift in Sources */,
				BEA1B3DC2AE2218000095A55 /* GPTViewModel.swift in Sources */,
				52C6F66B2AFD882300216E2B /* APIClient.swift in Sources */,
				52DB54192ACE9F860019B448 /* AuthService.swift in Sources */,
				FB90C3702AF1B1F8006BF87B /* SectionsViewModel.swift in Sources */,
				52DB5A7A2ACD236B004611A7 /* MainView.swift in Sources */,
				BEA1B3E52AE2557000095A55 /* ConversationView.swift in Sources */,
				BEFC1D522AE0EB3A006F5644 /* PicturesViewModel.swift in Sources */,
				BEFC1D542AE0EB51006F5644 /* Picture.swift in Sources */,
				BEDB38212AFE3CEF005D1FAC /* EmotionClassifier.mlmodel in Sources */,
				52C6F66D2AFD885C00216E2B /* API.swift in Sources */,
				52DB5AC12ACE22C3004611A7 /* SignUpView.swift in Sources */,
				BEA333BD2AE2F1EC00001355 /* InitialFormModel.swift in Sources */,
				BEDB381D2AFE3C2E005D1FAC /* ModeloView.swift in Sources */,
				5238279B2AF9963800937238 /* TabBarView.swift in Sources */,
				52DB5AB92ACD68A2004611A7 /* LoginViewModel.swift in Sources */,
				BEDB381F2AFE3C4F005D1FAC /* CameraModel.swift in Sources */,
				52711E6A2AD4DE390049DEE1 /* UserInputValidator.swift in Sources */,
				BEDB381B2AFE3C0D005D1FAC /* CameraViewController.swift in Sources */,
				52CC1B9A2ACF47F300AD0029 /* TokenHelper.swift in Sources */,
				BEC0FF702AE26B410005EDBF /* TopicsView.swift in Sources */,
				52DB5A782ACD236B004611A7 /* PhilApp.swift in Sources */,
				BE8B015C2ADFB480003909BB /* ChatViewModel.swift in Sources */,
				52DB5ABF2ACE22A9004611A7 /* SignUpViewModel.swift in Sources */,
			);
			runOnlyForDeploymentPostprocessing = 0;
		};
		52DB5A802ACD2372004611A7 /* Sources */ = {
			isa = PBXSourcesBuildPhase;
			buildActionMask = 2147483647;
			files = (
				52711E6D2AD4E0850049DEE1 /* UserInputValidatorTests.swift in Sources */,
				BEDB38222AFE3CEF005D1FAC /* EmotionClassifier.mlmodel in Sources */,
				52DB5A892ACD2372004611A7 /* PhilTests.swift in Sources */,
				52711E6B2AD4DE390049DEE1 /* UserInputValidator.swift in Sources */,
			);
			runOnlyForDeploymentPostprocessing = 0;
		};
		52DB5A8A2ACD2372004611A7 /* Sources */ = {
			isa = PBXSourcesBuildPhase;
			buildActionMask = 2147483647;
			files = (
				BEDB38232AFE3CEF005D1FAC /* EmotionClassifier.mlmodel in Sources */,
				52DB5A932ACD2372004611A7 /* PhilUITests.swift in Sources */,
				52DB5A952ACD2372004611A7 /* PhilUITestsLaunchTests.swift in Sources */,
			);
			runOnlyForDeploymentPostprocessing = 0;
		};
/* End PBXSourcesBuildPhase section */

/* Begin PBXTargetDependency section */
		52DB5A862ACD2372004611A7 /* PBXTargetDependency */ = {
			isa = PBXTargetDependency;
			target = 52DB5A732ACD236B004611A7 /* Phil */;
			targetProxy = 52DB5A852ACD2372004611A7 /* PBXContainerItemProxy */;
		};
		52DB5A902ACD2372004611A7 /* PBXTargetDependency */ = {
			isa = PBXTargetDependency;
			target = 52DB5A732ACD236B004611A7 /* Phil */;
			targetProxy = 52DB5A8F2ACD2372004611A7 /* PBXContainerItemProxy */;
		};
/* End PBXTargetDependency section */

/* Begin XCBuildConfiguration section */
		52DB5A962ACD2372004611A7 /* Debug */ = {
			isa = XCBuildConfiguration;
			buildSettings = {
				ALWAYS_SEARCH_USER_PATHS = NO;
				CLANG_ANALYZER_NONNULL = YES;
				CLANG_ANALYZER_NUMBER_OBJECT_CONVERSION = YES_AGGRESSIVE;
				CLANG_CXX_LANGUAGE_STANDARD = "gnu++20";
				CLANG_ENABLE_MODULES = YES;
				CLANG_ENABLE_OBJC_ARC = YES;
				CLANG_ENABLE_OBJC_WEAK = YES;
				CLANG_WARN_BLOCK_CAPTURE_AUTORELEASING = YES;
				CLANG_WARN_BOOL_CONVERSION = YES;
				CLANG_WARN_COMMA = YES;
				CLANG_WARN_CONSTANT_CONVERSION = YES;
				CLANG_WARN_DEPRECATED_OBJC_IMPLEMENTATIONS = YES;
				CLANG_WARN_DIRECT_OBJC_ISA_USAGE = YES_ERROR;
				CLANG_WARN_DOCUMENTATION_COMMENTS = YES;
				CLANG_WARN_EMPTY_BODY = YES;
				CLANG_WARN_ENUM_CONVERSION = YES;
				CLANG_WARN_INFINITE_RECURSION = YES;
				CLANG_WARN_INT_CONVERSION = YES;
				CLANG_WARN_NON_LITERAL_NULL_CONVERSION = YES;
				CLANG_WARN_OBJC_IMPLICIT_RETAIN_SELF = YES;
				CLANG_WARN_OBJC_LITERAL_CONVERSION = YES;
				CLANG_WARN_OBJC_ROOT_CLASS = YES_ERROR;
				CLANG_WARN_QUOTED_INCLUDE_IN_FRAMEWORK_HEADER = YES;
				CLANG_WARN_RANGE_LOOP_ANALYSIS = YES;
				CLANG_WARN_STRICT_PROTOTYPES = YES;
				CLANG_WARN_SUSPICIOUS_MOVE = YES;
				CLANG_WARN_UNGUARDED_AVAILABILITY = YES_AGGRESSIVE;
				CLANG_WARN_UNREACHABLE_CODE = YES;
				CLANG_WARN__DUPLICATE_METHOD_MATCH = YES;
				COPY_PHASE_STRIP = NO;
				DEBUG_INFORMATION_FORMAT = dwarf;
				ENABLE_STRICT_OBJC_MSGSEND = YES;
				ENABLE_TESTABILITY = YES;
				GCC_C_LANGUAGE_STANDARD = gnu11;
				GCC_DYNAMIC_NO_PIC = NO;
				GCC_NO_COMMON_BLOCKS = YES;
				GCC_OPTIMIZATION_LEVEL = 0;
				GCC_PREPROCESSOR_DEFINITIONS = (
					"DEBUG=1",
					"$(inherited)",
				);
				GCC_WARN_64_TO_32_BIT_CONVERSION = YES;
				GCC_WARN_ABOUT_RETURN_TYPE = YES_ERROR;
				GCC_WARN_UNDECLARED_SELECTOR = YES;
				GCC_WARN_UNINITIALIZED_AUTOS = YES_AGGRESSIVE;
				GCC_WARN_UNUSED_FUNCTION = YES;
				GCC_WARN_UNUSED_VARIABLE = YES;
				IPHONEOS_DEPLOYMENT_TARGET = 16.4;
				MTL_ENABLE_DEBUG_INFO = INCLUDE_SOURCE;
				MTL_FAST_MATH = YES;
				ONLY_ACTIVE_ARCH = YES;
				SDKROOT = iphoneos;
				SWIFT_ACTIVE_COMPILATION_CONDITIONS = DEBUG;
				SWIFT_OPTIMIZATION_LEVEL = "-Onone";
			};
			name = Debug;
		};
		52DB5A972ACD2372004611A7 /* Release */ = {
			isa = XCBuildConfiguration;
			buildSettings = {
				ALWAYS_SEARCH_USER_PATHS = NO;
				CLANG_ANALYZER_NONNULL = YES;
				CLANG_ANALYZER_NUMBER_OBJECT_CONVERSION = YES_AGGRESSIVE;
				CLANG_CXX_LANGUAGE_STANDARD = "gnu++20";
				CLANG_ENABLE_MODULES = YES;
				CLANG_ENABLE_OBJC_ARC = YES;
				CLANG_ENABLE_OBJC_WEAK = YES;
				CLANG_WARN_BLOCK_CAPTURE_AUTORELEASING = YES;
				CLANG_WARN_BOOL_CONVERSION = YES;
				CLANG_WARN_COMMA = YES;
				CLANG_WARN_CONSTANT_CONVERSION = YES;
				CLANG_WARN_DEPRECATED_OBJC_IMPLEMENTATIONS = YES;
				CLANG_WARN_DIRECT_OBJC_ISA_USAGE = YES_ERROR;
				CLANG_WARN_DOCUMENTATION_COMMENTS = YES;
				CLANG_WARN_EMPTY_BODY = YES;
				CLANG_WARN_ENUM_CONVERSION = YES;
				CLANG_WARN_INFINITE_RECURSION = YES;
				CLANG_WARN_INT_CONVERSION = YES;
				CLANG_WARN_NON_LITERAL_NULL_CONVERSION = YES;
				CLANG_WARN_OBJC_IMPLICIT_RETAIN_SELF = YES;
				CLANG_WARN_OBJC_LITERAL_CONVERSION = YES;
				CLANG_WARN_OBJC_ROOT_CLASS = YES_ERROR;
				CLANG_WARN_QUOTED_INCLUDE_IN_FRAMEWORK_HEADER = YES;
				CLANG_WARN_RANGE_LOOP_ANALYSIS = YES;
				CLANG_WARN_STRICT_PROTOTYPES = YES;
				CLANG_WARN_SUSPICIOUS_MOVE = YES;
				CLANG_WARN_UNGUARDED_AVAILABILITY = YES_AGGRESSIVE;
				CLANG_WARN_UNREACHABLE_CODE = YES;
				CLANG_WARN__DUPLICATE_METHOD_MATCH = YES;
				COPY_PHASE_STRIP = NO;
				DEBUG_INFORMATION_FORMAT = "dwarf-with-dsym";
				ENABLE_NS_ASSERTIONS = NO;
				ENABLE_STRICT_OBJC_MSGSEND = YES;
				GCC_C_LANGUAGE_STANDARD = gnu11;
				GCC_NO_COMMON_BLOCKS = YES;
				GCC_WARN_64_TO_32_BIT_CONVERSION = YES;
				GCC_WARN_ABOUT_RETURN_TYPE = YES_ERROR;
				GCC_WARN_UNDECLARED_SELECTOR = YES;
				GCC_WARN_UNINITIALIZED_AUTOS = YES_AGGRESSIVE;
				GCC_WARN_UNUSED_FUNCTION = YES;
				GCC_WARN_UNUSED_VARIABLE = YES;
				IPHONEOS_DEPLOYMENT_TARGET = 16.4;
				MTL_ENABLE_DEBUG_INFO = NO;
				MTL_FAST_MATH = YES;
				SDKROOT = iphoneos;
				SWIFT_COMPILATION_MODE = wholemodule;
				SWIFT_OPTIMIZATION_LEVEL = "-O";
				VALIDATE_PRODUCT = YES;
			};
			name = Release;
		};
		52DB5A992ACD2372004611A7 /* Debug */ = {
			isa = XCBuildConfiguration;
			buildSettings = {
				ASSETCATALOG_COMPILER_APPICON_NAME = AppIcon;
				ASSETCATALOG_COMPILER_GLOBAL_ACCENT_COLOR_NAME = AccentColor;
				CODE_SIGN_STYLE = Automatic;
				CURRENT_PROJECT_VERSION = 1;
				DEVELOPMENT_ASSET_PATHS = "\"Phil/Preview Content\"";
				DEVELOPMENT_TEAM = 4W65YUHMHD;
				ENABLE_PREVIEWS = YES;
				GENERATE_INFOPLIST_FILE = YES;
				INFOPLIST_FILE = Phil/Info.plist;
				INFOPLIST_KEY_NSCameraUsageDescription = "Quieres usar la camara o no cabron?";
				INFOPLIST_KEY_UIApplicationSceneManifest_Generation = YES;
				INFOPLIST_KEY_UIApplicationSupportsIndirectInputEvents = YES;
				INFOPLIST_KEY_UILaunchScreen_Generation = YES;
				INFOPLIST_KEY_UISupportedInterfaceOrientations_iPad = "UIInterfaceOrientationPortrait UIInterfaceOrientationPortraitUpsideDown UIInterfaceOrientationLandscapeLeft UIInterfaceOrientationLandscapeRight";
				INFOPLIST_KEY_UISupportedInterfaceOrientations_iPhone = "UIInterfaceOrientationPortrait UIInterfaceOrientationLandscapeLeft UIInterfaceOrientationLandscapeRight";
				IPHONEOS_DEPLOYMENT_TARGET = 16.0;
				LD_RUNPATH_SEARCH_PATHS = (
					"$(inherited)",
					"@executable_path/Frameworks",
				);
				MARKETING_VERSION = 1.0;
				PRODUCT_BUNDLE_IDENTIFIER = com.itesm.Phil;
				PRODUCT_NAME = "$(TARGET_NAME)";
				SWIFT_EMIT_LOC_STRINGS = YES;
				SWIFT_VERSION = 5.0;
				TARGETED_DEVICE_FAMILY = "1,2";
			};
			name = Debug;
		};
		52DB5A9A2ACD2372004611A7 /* Release */ = {
			isa = XCBuildConfiguration;
			buildSettings = {
				ASSETCATALOG_COMPILER_APPICON_NAME = AppIcon;
				ASSETCATALOG_COMPILER_GLOBAL_ACCENT_COLOR_NAME = AccentColor;
				CODE_SIGN_STYLE = Automatic;
				CURRENT_PROJECT_VERSION = 1;
				DEVELOPMENT_ASSET_PATHS = "\"Phil/Preview Content\"";
				DEVELOPMENT_TEAM = 4W65YUHMHD;
				ENABLE_PREVIEWS = YES;
				GENERATE_INFOPLIST_FILE = YES;
				INFOPLIST_FILE = Phil/Info.plist;
				INFOPLIST_KEY_NSCameraUsageDescription = "Quieres usar la camara o no cabron?";
				INFOPLIST_KEY_UIApplicationSceneManifest_Generation = YES;
				INFOPLIST_KEY_UIApplicationSupportsIndirectInputEvents = YES;
				INFOPLIST_KEY_UILaunchScreen_Generation = YES;
				INFOPLIST_KEY_UISupportedInterfaceOrientations_iPad = "UIInterfaceOrientationPortrait UIInterfaceOrientationPortraitUpsideDown UIInterfaceOrientationLandscapeLeft UIInterfaceOrientationLandscapeRight";
				INFOPLIST_KEY_UISupportedInterfaceOrientations_iPhone = "UIInterfaceOrientationPortrait UIInterfaceOrientationLandscapeLeft UIInterfaceOrientationLandscapeRight";
				IPHONEOS_DEPLOYMENT_TARGET = 16.0;
				LD_RUNPATH_SEARCH_PATHS = (
					"$(inherited)",
					"@executable_path/Frameworks",
				);
				MARKETING_VERSION = 1.0;
				PRODUCT_BUNDLE_IDENTIFIER = com.itesm.Phil;
				PRODUCT_NAME = "$(TARGET_NAME)";
				SWIFT_EMIT_LOC_STRINGS = YES;
				SWIFT_VERSION = 5.0;
				TARGETED_DEVICE_FAMILY = "1,2";
			};
			name = Release;
		};
		52DB5A9C2ACD2372004611A7 /* Debug */ = {
			isa = XCBuildConfiguration;
			buildSettings = {
				ALWAYS_EMBED_SWIFT_STANDARD_LIBRARIES = YES;
				BUNDLE_LOADER = "$(TEST_HOST)";
				CODE_SIGN_STYLE = Automatic;
				CURRENT_PROJECT_VERSION = 1;
				DEVELOPMENT_TEAM = 5HD445NBV6;
				GENERATE_INFOPLIST_FILE = YES;
				IPHONEOS_DEPLOYMENT_TARGET = 16.4;
				MARKETING_VERSION = 1.0;
				PRODUCT_BUNDLE_IDENTIFIER = com.itesm.PhilTests;
				PRODUCT_NAME = "$(TARGET_NAME)";
				SWIFT_EMIT_LOC_STRINGS = NO;
				SWIFT_VERSION = 5.0;
				TARGETED_DEVICE_FAMILY = "1,2";
				TEST_HOST = "$(BUILT_PRODUCTS_DIR)/Phil.app/$(BUNDLE_EXECUTABLE_FOLDER_PATH)/Phil";
			};
			name = Debug;
		};
		52DB5A9D2ACD2372004611A7 /* Release */ = {
			isa = XCBuildConfiguration;
			buildSettings = {
				ALWAYS_EMBED_SWIFT_STANDARD_LIBRARIES = YES;
				BUNDLE_LOADER = "$(TEST_HOST)";
				CODE_SIGN_STYLE = Automatic;
				CURRENT_PROJECT_VERSION = 1;
				DEVELOPMENT_TEAM = 5HD445NBV6;
				GENERATE_INFOPLIST_FILE = YES;
				IPHONEOS_DEPLOYMENT_TARGET = 16.4;
				MARKETING_VERSION = 1.0;
				PRODUCT_BUNDLE_IDENTIFIER = com.itesm.PhilTests;
				PRODUCT_NAME = "$(TARGET_NAME)";
				SWIFT_EMIT_LOC_STRINGS = NO;
				SWIFT_VERSION = 5.0;
				TARGETED_DEVICE_FAMILY = "1,2";
				TEST_HOST = "$(BUILT_PRODUCTS_DIR)/Phil.app/$(BUNDLE_EXECUTABLE_FOLDER_PATH)/Phil";
			};
			name = Release;
		};
		52DB5A9F2ACD2372004611A7 /* Debug */ = {
			isa = XCBuildConfiguration;
			buildSettings = {
				ALWAYS_EMBED_SWIFT_STANDARD_LIBRARIES = YES;
				CODE_SIGN_STYLE = Automatic;
				CURRENT_PROJECT_VERSION = 1;
				DEVELOPMENT_TEAM = 5HD445NBV6;
				GENERATE_INFOPLIST_FILE = YES;
				MARKETING_VERSION = 1.0;
				PRODUCT_BUNDLE_IDENTIFIER = com.itesm.PhilUITests;
				PRODUCT_NAME = "$(TARGET_NAME)";
				SWIFT_EMIT_LOC_STRINGS = NO;
				SWIFT_VERSION = 5.0;
				TARGETED_DEVICE_FAMILY = "1,2";
				TEST_TARGET_NAME = Phil;
			};
			name = Debug;
		};
		52DB5AA02ACD2372004611A7 /* Release */ = {
			isa = XCBuildConfiguration;
			buildSettings = {
				ALWAYS_EMBED_SWIFT_STANDARD_LIBRARIES = YES;
				CODE_SIGN_STYLE = Automatic;
				CURRENT_PROJECT_VERSION = 1;
				DEVELOPMENT_TEAM = 5HD445NBV6;
				GENERATE_INFOPLIST_FILE = YES;
				MARKETING_VERSION = 1.0;
				PRODUCT_BUNDLE_IDENTIFIER = com.itesm.PhilUITests;
				PRODUCT_NAME = "$(TARGET_NAME)";
				SWIFT_EMIT_LOC_STRINGS = NO;
				SWIFT_VERSION = 5.0;
				TARGETED_DEVICE_FAMILY = "1,2";
				TEST_TARGET_NAME = Phil;
			};
			name = Release;
		};
/* End XCBuildConfiguration section */

/* Begin XCConfigurationList section */
		52DB5A6F2ACD236B004611A7 /* Build configuration list for PBXProject "Phil" */ = {
			isa = XCConfigurationList;
			buildConfigurations = (
				52DB5A962ACD2372004611A7 /* Debug */,
				52DB5A972ACD2372004611A7 /* Release */,
			);
			defaultConfigurationIsVisible = 0;
			defaultConfigurationName = Release;
		};
		52DB5A982ACD2372004611A7 /* Build configuration list for PBXNativeTarget "Phil" */ = {
			isa = XCConfigurationList;
			buildConfigurations = (
				52DB5A992ACD2372004611A7 /* Debug */,
				52DB5A9A2ACD2372004611A7 /* Release */,
			);
			defaultConfigurationIsVisible = 0;
			defaultConfigurationName = Release;
		};
		52DB5A9B2ACD2372004611A7 /* Build configuration list for PBXNativeTarget "PhilTests" */ = {
			isa = XCConfigurationList;
			buildConfigurations = (
				52DB5A9C2ACD2372004611A7 /* Debug */,
				52DB5A9D2ACD2372004611A7 /* Release */,
			);
			defaultConfigurationIsVisible = 0;
			defaultConfigurationName = Release;
		};
		52DB5A9E2ACD2372004611A7 /* Build configuration list for PBXNativeTarget "PhilUITests" */ = {
			isa = XCConfigurationList;
			buildConfigurations = (
				52DB5A9F2ACD2372004611A7 /* Debug */,
				52DB5AA02ACD2372004611A7 /* Release */,
			);
			defaultConfigurationIsVisible = 0;
			defaultConfigurationName = Release;
		};
/* End XCConfigurationList section */

/* Begin XCRemoteSwiftPackageReference section */
		52CC1B962ACF461900AD0029 /* XCRemoteSwiftPackageReference "keychain-swift" */ = {
			isa = XCRemoteSwiftPackageReference;
			repositoryURL = "https://github.com/evgenyneu/keychain-swift.git";
			requirement = {
				kind = upToNextMajorVersion;
				minimumVersion = 20.0.0;
			};
		};
		52CC1B9B2ACF485E00AD0029 /* XCRemoteSwiftPackageReference "JWTDecode.swift" */ = {
			isa = XCRemoteSwiftPackageReference;
			repositoryURL = "https://github.com/auth0/JWTDecode.swift.git";
			requirement = {
				kind = upToNextMajorVersion;
				minimumVersion = 3.0.0;
			};
		};
		52DB54152ACE9F670019B448 /* XCRemoteSwiftPackageReference "Alamofire" */ = {
			isa = XCRemoteSwiftPackageReference;
			repositoryURL = "https://github.com/Alamofire/Alamofire.git";
			requirement = {
				kind = upToNextMajorVersion;
				minimumVersion = 5.0.0;
			};
		};
		BEA1B3D82AE21D5900095A55 /* XCRemoteSwiftPackageReference "SwiftOpenAI" */ = {
			isa = XCRemoteSwiftPackageReference;
			repositoryURL = "https://github.com/SwiftBeta/SwiftOpenAI.git";
			requirement = {
				kind = upToNextMajorVersion;
				minimumVersion = 0.9.0;
			};
		};
/* End XCRemoteSwiftPackageReference section */

/* Begin XCSwiftPackageProductDependency section */
		52CC1B972ACF461900AD0029 /* KeychainSwift */ = {
			isa = XCSwiftPackageProductDependency;
			package = 52CC1B962ACF461900AD0029 /* XCRemoteSwiftPackageReference "keychain-swift" */;
			productName = KeychainSwift;
		};
		52CC1B9C2ACF485E00AD0029 /* JWTDecode */ = {
			isa = XCSwiftPackageProductDependency;
			package = 52CC1B9B2ACF485E00AD0029 /* XCRemoteSwiftPackageReference "JWTDecode.swift" */;
			productName = JWTDecode;
		};
		52DB54162ACE9F670019B448 /* Alamofire */ = {
			isa = XCSwiftPackageProductDependency;
			package = 52DB54152ACE9F670019B448 /* XCRemoteSwiftPackageReference "Alamofire" */;
			productName = Alamofire;
		};
		BEA1B3D92AE21D5900095A55 /* SwiftOpenAI */ = {
			isa = XCSwiftPackageProductDependency;
			package = BEA1B3D82AE21D5900095A55 /* XCRemoteSwiftPackageReference "SwiftOpenAI" */;
			productName = SwiftOpenAI;
		};
/* End XCSwiftPackageProductDependency section */
	};
	rootObject = 52DB5A6C2ACD236B004611A7 /* Project object */;
}
